<?xml version="1.0" encoding="utf-8"?>
<Project ToolsVersion="4.0" xmlns="http://schemas.microsoft.com/developer/msbuild/2003">
  <ItemGroup>
    <Filter Include="Source Files">
      <UniqueIdentifier>{4FC737F1-C7A5-4376-A066-2A32D752A2FF}</UniqueIdentifier>
      <Extensions>cpp;c;cc;cxx;c++;cppm;ixx;def;odl;idl;hpj;bat;asm;asmx</Extensions>
    </Filter>
    <Filter Include="Header Files">
      <UniqueIdentifier>{93995380-89BD-4b04-88EB-625FBE52EBFB}</UniqueIdentifier>
      <Extensions>h;hh;hpp;hxx;h++;hm;inl;inc;ipp;xsd</Extensions>
    </Filter>
    <Filter Include="Resource Files">
      <UniqueIdentifier>{67DA6AB6-F800-4c08-8B7A-83BB121AAD01}</UniqueIdentifier>
      <Extensions>rc;ico;cur;bmp;dlg;rc2;rct;bin;rgs;gif;jpg;jpeg;jpe;resx;tiff;tif;png;wav;mfcribbon-ms</Extensions>
    </Filter>
    <Filter Include="imgui">
      <UniqueIdentifier>{725df090-0440-4870-9d3f-0fa0e8a4d827}</UniqueIdentifier>
    </Filter>
    <Filter Include="imgui\backends">
      <UniqueIdentifier>{82562c0a-7c94-4040-ac40-632447e724c3}</UniqueIdentifier>
    </Filter>
    <Filter Include="Rendering">
      <UniqueIdentifier>{24b0aee4-0c5f-4be5-b6aa-9311ef14737b}</UniqueIdentifier>
    </Filter>
    <Filter Include="Rendering\cMesh">
      <UniqueIdentifier>{b5514824-37f6-4ecf-98dc-9fc6bfb22587}</UniqueIdentifier>
    </Filter>
    <Filter Include="Rendering\ShaderManager">
      <UniqueIdentifier>{8e800a28-740d-41cf-99c8-8f4a976668db}</UniqueIdentifier>
    </Filter>
    <Filter Include="Rendering\Other">
      <UniqueIdentifier>{c573f433-edf9-4bb8-baf4-c1aef56fc126}</UniqueIdentifier>
    </Filter>
    <Filter Include="Rendering\Lights">
      <UniqueIdentifier>{13af6fdd-9c3f-42c5-8b3e-59bba9de610d}</UniqueIdentifier>
    </Filter>
    <Filter Include="Rendering\MeshObjectManager">
      <UniqueIdentifier>{a17d1bed-3e8c-47ed-8746-6bdfa272dd1c}</UniqueIdentifier>
    </Filter>
  </ItemGroup>
  <ItemGroup>
    <ClCompile Include="main.cpp">
      <Filter>Source Files</Filter>
    </ClCompile>
    <ClCompile Include="cSoundManager.cpp">
      <Filter>Source Files</Filter>
    </ClCompile>
    <ClCompile Include="SoundUtils.cpp">
      <Filter>Source Files</Filter>
    </ClCompile>
    <ClCompile Include="cMediaPlayer.cpp">
      <Filter>Source Files</Filter>
    </ClCompile>
    <ClCompile Include="..\extern\imgui\imgui.cpp">
      <Filter>imgui</Filter>
    </ClCompile>
    <ClCompile Include="..\extern\imgui\imgui_demo.cpp">
      <Filter>imgui</Filter>
    </ClCompile>
    <ClCompile Include="..\extern\imgui\imgui_draw.cpp">
      <Filter>imgui</Filter>
    </ClCompile>
    <ClCompile Include="..\extern\imgui\imgui_tables.cpp">
      <Filter>imgui</Filter>
    </ClCompile>
    <ClCompile Include="..\extern\imgui\imgui_widgets.cpp">
      <Filter>imgui</Filter>
    </ClCompile>
    <ClCompile Include="..\extern\imgui\backends\imgui_impl_glfw.cpp">
      <Filter>imgui\backends</Filter>
    </ClCompile>
    <ClCompile Include="..\extern\imgui\backends\imgui_impl_opengl3.cpp">
      <Filter>imgui\backends</Filter>
    </ClCompile>
    <ClCompile Include="glad.c">
      <Filter>Source Files</Filter>
    </ClCompile>
    <ClCompile Include="cMesh.cpp">
      <Filter>Rendering\cMesh</Filter>
    </ClCompile>
    <ClCompile Include="cLightManager.cpp">
      <Filter>Rendering\Lights</Filter>
    </ClCompile>
    <ClCompile Include="cVAOManager\cVAOManager.cpp">
      <Filter>Rendering\MeshObjectManager</Filter>
    </ClCompile>
    <ClCompile Include="LoadModels.cpp">
      <Filter>Rendering\Other</Filter>
    </ClCompile>
    <ClCompile Include="Basic Shader Manager\cShader.cpp">
      <Filter>Rendering\ShaderManager</Filter>
    </ClCompile>
    <ClCompile Include="Basic Shader Manager\cShaderManager.cpp">
      <Filter>Rendering\ShaderManager</Filter>
    </ClCompile>
  </ItemGroup>
  <ItemGroup>
    <ClInclude Include="cSoundManager.h">
      <Filter>Header Files</Filter>
    </ClInclude>
    <ClInclude Include="SoundUtils.h">
      <Filter>Header Files</Filter>
    </ClInclude>
    <ClInclude Include="cMediaPlayer.h">
      <Filter>Header Files</Filter>
    </ClInclude>
    <ClInclude Include="..\extern\imgui\imconfig.h">
      <Filter>imgui</Filter>
    </ClInclude>
    <ClInclude Include="..\extern\imgui\imgui.h">
      <Filter>imgui</Filter>
    </ClInclude>
    <ClInclude Include="..\extern\imgui\imgui_internal.h">
      <Filter>imgui</Filter>
    </ClInclude>
    <ClInclude Include="..\extern\imgui\imstb_rectpack.h">
      <Filter>imgui</Filter>
    </ClInclude>
    <ClInclude Include="..\extern\imgui\imstb_textedit.h">
      <Filter>imgui</Filter>
    </ClInclude>
    <ClInclude Include="..\extern\imgui\imstb_truetype.h">
      <Filter>imgui</Filter>
    </ClInclude>
    <ClInclude Include="..\extern\imgui\backends\imgui_impl_glfw.h">
      <Filter>imgui\backends</Filter>
    </ClInclude>
    <ClInclude Include="..\extern\imgui\backends\imgui_impl_opengl3.h">
      <Filter>imgui\backends</Filter>
    </ClInclude>
    <ClInclude Include="..\extern\imgui\backends\imgui_impl_opengl3_loader.h">
      <Filter>imgui\backends</Filter>
    </ClInclude>
    <ClInclude Include="cMesh.h">
      <Filter>Rendering\cMesh</Filter>
    </ClInclude>
    <ClInclude Include="cLightManager.h">
      <Filter>Rendering\Lights</Filter>
    </ClInclude>
    <ClInclude Include="cVAOManager\cVAOManager.h">
      <Filter>Rendering\MeshObjectManager</Filter>
    </ClInclude>
    <ClInclude Include="Basic Shader Manager\cShaderManager.h">
      <Filter>Rendering\ShaderManager</Filter>
    </ClInclude>
    <ClInclude Include="OpenGLCommon.h">
      <Filter>Rendering\Other</Filter>
    </ClInclude>
  </ItemGroup>
</Project>